
Microsoft Visual Studio Solution File, Format Version 12.00
# Visual Studio Version 17
VisualStudioVersion = 17.4.33205.214
MinimumVisualStudioVersion = 10.0.40219.1
Project("{8BC9CEB8-8B4A-11D0-8D11-00A0C91BC942}") = "DPU", "DPU.vcxproj", "{16CAC671-E61D-41F9-B06F-7BE8B1BDCD62}"
EndProject
Global
	GlobalSection(SolutionConfigurationPlatforms) = preSolution
		Debug|x64 = Debug|x64
		Debug|x86 = Debug|x86
		Release|x64 = Release|x64
		Release|x86 = Release|x86
	EndGlobalSection
	GlobalSection(ProjectConfigurationPlatforms) = postSolution
		{16CAC671-E61D-41F9-B06F-7BE8B1BDCD62}.Debug|x64.ActiveCfg = Debug|x64
		{16CAC671-E61D-41F9-B06F-7BE8B1BDCD62}.Debug|x64.Build.0 = Debug|x64
		{16CAC671-E61D-41F9-B06F-7BE8B1BDCD62}.Debug|x86.ActiveCfg = Debug|Win32
		{16CAC671-E61D-41F9-B06F-7BE8B1BDCD62}.Debug|x86.Build.0 = Debug|Win32
		{16CAC671-E61D-41F9-B06F-7BE8B1BDCD62}.Release|x64.ActiveCfg = Release|x64
		{16CAC671-E61D-41F9-B06F-7BE8B1BDCD62}.Release|x64.Build.0 = Release|x64
		{16CAC671-E61D-41F9-B06F-7BE8B1BDCD62}.Release|x86.ActiveCfg = Release|Win32
		{16CAC671-E61D-41F9-B06F-7BE8B1BDCD62}.Release|x86.Build.0 = Release|Win32
	EndGlobalSection
	GlobalSection(SolutionProperties) = preSolution
		HideSolutionNode = FALSE
	EndGlobalSection
	GlobalSection(ExtensibilityGlobals) = postSolution
		SolutionGuid = {787B37B9-4B66-4C3F-A513-566132B827F7}
	EndGlobalSection
EndGlobal
